
Microsoft Visual Studio Solution File, Format Version 12.00
# Visual Studio 15
VisualStudioVersion = 15.0.28010.2041
MinimumVisualStudioVersion = 10.0.40219.1
Project("{FAE04EC0-301F-11D3-BF4B-00C04F79EFBC}") = "E3-2JimenezAhumadaJonatanAlberto", "E3-2JimenezAhumadaJonatanAlberto\E3-2JimenezAhumadaJonatanAlberto.csproj", "{99F1E073-3238-4D22-83A9-C64A257DB5E5}"
EndProject
Global
	GlobalSection(SolutionConfigurationPlatforms) = preSolution
		Debug|Any CPU = Debug|Any CPU
		Release|Any CPU = Release|Any CPU
	EndGlobalSection
	GlobalSection(ProjectConfigurationPlatforms) = postSolution
		{99F1E073-3238-4D22-83A9-C64A257DB5E5}.Debug|Any CPU.ActiveCfg = Debug|Any CPU
		{99F1E073-3238-4D22-83A9-C64A257DB5E5}.Debug|Any CPU.Build.0 = Debug|Any CPU
		{99F1E073-3238-4D22-83A9-C64A257DB5E5}.Release|Any CPU.ActiveCfg = Release|Any CPU
		{99F1E073-3238-4D22-83A9-C64A257DB5E5}.Release|Any CPU.Build.0 = Release|Any CPU
	EndGlobalSection
	GlobalSection(SolutionProperties) = preSolution
		HideSolutionNode = FALSE
	EndGlobalSection
	GlobalSection(ExtensibilityGlobals) = postSolution
		SolutionGuid = {BE93437D-A37A-4109-8997-B34B4FBA1374}
	EndGlobalSection
EndGlobal
